// !$*UTF8*$!
{
	archiveVersion = 1;
	classes = {
	};
	objectVersion = 48;
	objects = {

/* Begin PBXBuildFile section */
		E3077AAA1FF2840000F9B868 /* neko.wav in Resources */ = {isa = PBXBuildFile; fileRef = E3077AA91FF2840000F9B868 /* neko.wav */; };
		E30AB36520DE8EED0023E73E /* male_voice.wav in Resources */ = {isa = PBXBuildFile; fileRef = E30AB36420DE8EED0023E73E /* male_voice.wav */; };
		E30AB36720DE96680023E73E /* Globals.swift in Sources */ = {isa = PBXBuildFile; fileRef = E30AB36620DE96680023E73E /* Globals.swift */; };
		E30E1AD4207A4E2E001FE029 /* KEDialogSpriteNode.swift in Sources */ = {isa = PBXBuildFile; fileRef = E30E1AD3207A4E2E001FE029 /* KEDialogSpriteNode.swift */; };
		E30E1AD6207A4F4B001FE029 /* KEDialogLabelNode.swift in Sources */ = {isa = PBXBuildFile; fileRef = E30E1AD5207A4F4B001FE029 /* KEDialogLabelNode.swift */; };
		E30E1AD8207A6717001FE029 /* KEDialogShapeNode.swift in Sources */ = {isa = PBXBuildFile; fileRef = E30E1AD7207A6717001FE029 /* KEDialogShapeNode.swift */; };
		E31B62892028F93300DCD56C /* TestWorld.sks in Resources */ = {isa = PBXBuildFile; fileRef = E31B62882028F93300DCD56C /* TestWorld.sks */; };
		E35234D62028DE2E00371140 /* Tiles.sks in Resources */ = {isa = PBXBuildFile; fileRef = E35234D42028DE2E00371140 /* Tiles.sks */; };
		E35234D72028DE2E00371140 /* Assets.xcassets in Resources */ = {isa = PBXBuildFile; fileRef = E35234D52028DE2E00371140 /* Assets.xcassets */; };
		E371B3A620BB3C5E00ECF808 /* KEAnimatedDialogLabelNode.swift in Sources */ = {isa = PBXBuildFile; fileRef = E371B3A520BB3C5D00ECF808 /* KEAnimatedDialogLabelNode.swift */; };
		E3899C96200FE3BE0091DB7A /* MainMenu.swift in Sources */ = {isa = PBXBuildFile; fileRef = E3899C95200FE3BE0091DB7A /* MainMenu.swift */; };
		E3899C982017CA8A0091DB7A /* select.wav in Resources */ = {isa = PBXBuildFile; fileRef = E3899C972017CA8A0091DB7A /* select.wav */; };
		E39A437120712E1F00AFB9C7 /* click.wav in Resources */ = {isa = PBXBuildFile; fileRef = E39A437020712E1E00AFB9C7 /* click.wav */; };
		E3C24F5620DEA66A00E2A490 /* Test_Song.m4a in Resources */ = {isa = PBXBuildFile; fileRef = E3C24F5520DEA66A00E2A490 /* Test_Song.m4a */; };
		E3CCA0AE207A991800650D39 /* Extensions.swift in Sources */ = {isa = PBXBuildFile; fileRef = E3CCA0AD207A991800650D39 /* Extensions.swift */; };
		E3F223102044932F00D4FB60 /* KEScene.swift in Sources */ = {isa = PBXBuildFile; fileRef = E3F2230F2044932F00D4FB60 /* KEScene.swift */; };
		E3F22313204493E800D4FB60 /* KEDialogCharacter.swift in Sources */ = {isa = PBXBuildFile; fileRef = E3F22312204493E800D4FB60 /* KEDialogCharacter.swift */; };
		E3F2231520449E6E00D4FB60 /* KEGeneralFunctions.swift in Sources */ = {isa = PBXBuildFile; fileRef = E3F2231420449E6E00D4FB60 /* KEGeneralFunctions.swift */; };
		E3F223172044A82700D4FB60 /* KEDialogOptions.swift in Sources */ = {isa = PBXBuildFile; fileRef = E3F223162044A82700D4FB60 /* KEDialogOptions.swift */; };
		E3FADA4C1FDD720D005CDA2E /* AppDelegate.swift in Sources */ = {isa = PBXBuildFile; fileRef = E3FADA4B1FDD720D005CDA2E /* AppDelegate.swift */; };
		E3FADA521FDD720D005CDA2E /* TitleScene.swift in Sources */ = {isa = PBXBuildFile; fileRef = E3FADA511FDD720D005CDA2E /* TitleScene.swift */; };
		E3FADA541FDD720D005CDA2E /* GameViewController.swift in Sources */ = {isa = PBXBuildFile; fileRef = E3FADA531FDD720D005CDA2E /* GameViewController.swift */; };
		E3FADA571FDD720D005CDA2E /* Main.storyboard in Resources */ = {isa = PBXBuildFile; fileRef = E3FADA551FDD720D005CDA2E /* Main.storyboard */; };
		E3FADA591FDD720D005CDA2E /* Assets.xcassets in Resources */ = {isa = PBXBuildFile; fileRef = E3FADA581FDD720D005CDA2E /* Assets.xcassets */; };
		E3FADA5C1FDD720D005CDA2E /* LaunchScreen.storyboard in Resources */ = {isa = PBXBuildFile; fileRef = E3FADA5A1FDD720D005CDA2E /* LaunchScreen.storyboard */; };
		E3FADA671FDD720E005CDA2E /* Kataru_EngineTests.swift in Sources */ = {isa = PBXBuildFile; fileRef = E3FADA661FDD720E005CDA2E /* Kataru_EngineTests.swift */; };
		E3FADA721FDD720E005CDA2E /* Kataru_EngineUITests.swift in Sources */ = {isa = PBXBuildFile; fileRef = E3FADA711FDD720E005CDA2E /* Kataru_EngineUITests.swift */; };
		E3FADA831FDD727D005CDA2E /* KEAudioModule.swift in Sources */ = {isa = PBXBuildFile; fileRef = E3FADA7F1FDD727C005CDA2E /* KEAudioModule.swift */; };
		E3FADA841FDD727D005CDA2E /* BGM.strings in Resources */ = {isa = PBXBuildFile; fileRef = E3FADA801FDD727C005CDA2E /* BGM.strings */; };
		E3FADA851FDD727D005CDA2E /* KEAudioPlayer.swift in Sources */ = {isa = PBXBuildFile; fileRef = E3FADA811FDD727D005CDA2E /* KEAudioPlayer.swift */; };
		E3FADA861FDD727D005CDA2E /* SoundEffects.strings in Resources */ = {isa = PBXBuildFile; fileRef = E3FADA821FDD727D005CDA2E /* SoundEffects.strings */; };
/* End PBXBuildFile section */

/* Begin PBXContainerItemProxy section */
		E3FADA631FDD720E005CDA2E /* PBXContainerItemProxy */ = {
			isa = PBXContainerItemProxy;
			containerPortal = E3FADA401FDD720D005CDA2E /* Project object */;
			proxyType = 1;
			remoteGlobalIDString = E3FADA471FDD720D005CDA2E;
			remoteInfo = "Kataru Engine";
		};
		E3FADA6E1FDD720E005CDA2E /* PBXContainerItemProxy */ = {
			isa = PBXContainerItemProxy;
			containerPortal = E3FADA401FDD720D005CDA2E /* Project object */;
			proxyType = 1;
			remoteGlobalIDString = E3FADA471FDD720D005CDA2E;
			remoteInfo = "Kataru Engine";
		};
/* End PBXContainerItemProxy section */

/* Begin PBXFileReference section */
		E3077AA91FF2840000F9B868 /* neko.wav */ = {isa = PBXFileReference; lastKnownFileType = audio.wav; path = neko.wav; sourceTree = SOURCE_ROOT; };
		E30AB36420DE8EED0023E73E /* male_voice.wav */ = {isa = PBXFileReference; lastKnownFileType = audio.wav; path = male_voice.wav; sourceTree = "<group>"; };
		E30AB36620DE96680023E73E /* Globals.swift */ = {isa = PBXFileReference; lastKnownFileType = sourcecode.swift; path = Globals.swift; sourceTree = "<group>"; };
		E30E1AD3207A4E2E001FE029 /* KEDialogSpriteNode.swift */ = {isa = PBXFileReference; lastKnownFileType = sourcecode.swift; path = KEDialogSpriteNode.swift; sourceTree = "<group>"; };
		E30E1AD5207A4F4B001FE029 /* KEDialogLabelNode.swift */ = {isa = PBXFileReference; lastKnownFileType = sourcecode.swift; path = KEDialogLabelNode.swift; sourceTree = "<group>"; };
		E30E1AD7207A6717001FE029 /* KEDialogShapeNode.swift */ = {isa = PBXFileReference; lastKnownFileType = sourcecode.swift; path = KEDialogShapeNode.swift; sourceTree = "<group>"; };
		E31B62882028F93300DCD56C /* TestWorld.sks */ = {isa = PBXFileReference; lastKnownFileType = file.sks; path = TestWorld.sks; sourceTree = "<group>"; };
		E35234D42028DE2E00371140 /* Tiles.sks */ = {isa = PBXFileReference; lastKnownFileType = file.sks; path = Tiles.sks; sourceTree = "<group>"; };
		E35234D52028DE2E00371140 /* Assets.xcassets */ = {isa = PBXFileReference; lastKnownFileType = folder.assetcatalog; path = Assets.xcassets; sourceTree = "<group>"; };
		E371B3A520BB3C5D00ECF808 /* KEAnimatedDialogLabelNode.swift */ = {isa = PBXFileReference; fileEncoding = 4; lastKnownFileType = sourcecode.swift; path = KEAnimatedDialogLabelNode.swift; sourceTree = "<group>"; };
		E3899C95200FE3BE0091DB7A /* MainMenu.swift */ = {isa = PBXFileReference; lastKnownFileType = sourcecode.swift; path = MainMenu.swift; sourceTree = "<group>"; };
		E3899C972017CA8A0091DB7A /* select.wav */ = {isa = PBXFileReference; lastKnownFileType = audio.wav; path = select.wav; sourceTree = "<group>"; };
		E39A437020712E1E00AFB9C7 /* click.wav */ = {isa = PBXFileReference; lastKnownFileType = audio.wav; path = click.wav; sourceTree = "<group>"; };
		E3C24F5520DEA66A00E2A490 /* Test_Song.m4a */ = {isa = PBXFileReference; lastKnownFileType = file; path = Test_Song.m4a; sourceTree = "<group>"; };
		E3CCA0AD207A991800650D39 /* Extensions.swift */ = {isa = PBXFileReference; lastKnownFileType = sourcecode.swift; path = Extensions.swift; sourceTree = "<group>"; };
		E3F2230F2044932F00D4FB60 /* KEScene.swift */ = {isa = PBXFileReference; lastKnownFileType = sourcecode.swift; path = KEScene.swift; sourceTree = "<group>"; };
		E3F22312204493E800D4FB60 /* KEDialogCharacter.swift */ = {isa = PBXFileReference; lastKnownFileType = sourcecode.swift; path = KEDialogCharacter.swift; sourceTree = "<group>"; };
		E3F2231420449E6E00D4FB60 /* KEGeneralFunctions.swift */ = {isa = PBXFileReference; lastKnownFileType = sourcecode.swift; path = KEGeneralFunctions.swift; sourceTree = "<group>"; };
		E3F223162044A82700D4FB60 /* KEDialogOptions.swift */ = {isa = PBXFileReference; lastKnownFileType = sourcecode.swift; path = KEDialogOptions.swift; sourceTree = "<group>"; };
		E3FADA481FDD720D005CDA2E /* Kataru Engine.app */ = {isa = PBXFileReference; explicitFileType = wrapper.application; includeInIndex = 0; path = "Kataru Engine.app"; sourceTree = BUILT_PRODUCTS_DIR; };
		E3FADA4B1FDD720D005CDA2E /* AppDelegate.swift */ = {isa = PBXFileReference; lastKnownFileType = sourcecode.swift; path = AppDelegate.swift; sourceTree = "<group>"; };
		E3FADA511FDD720D005CDA2E /* TitleScene.swift */ = {isa = PBXFileReference; lastKnownFileType = sourcecode.swift; path = TitleScene.swift; sourceTree = "<group>"; };
		E3FADA531FDD720D005CDA2E /* GameViewController.swift */ = {isa = PBXFileReference; lastKnownFileType = sourcecode.swift; path = GameViewController.swift; sourceTree = "<group>"; };
		E3FADA561FDD720D005CDA2E /* Base */ = {isa = PBXFileReference; lastKnownFileType = file.storyboard; name = Base; path = Base.lproj/Main.storyboard; sourceTree = "<group>"; };
		E3FADA581FDD720D005CDA2E /* Assets.xcassets */ = {isa = PBXFileReference; lastKnownFileType = folder.assetcatalog; path = Assets.xcassets; sourceTree = "<group>"; };
		E3FADA5B1FDD720D005CDA2E /* Base */ = {isa = PBXFileReference; lastKnownFileType = file.storyboard; name = Base; path = Base.lproj/LaunchScreen.storyboard; sourceTree = "<group>"; };
		E3FADA5D1FDD720D005CDA2E /* Info.plist */ = {isa = PBXFileReference; lastKnownFileType = text.plist.xml; path = Info.plist; sourceTree = "<group>"; };
		E3FADA621FDD720E005CDA2E /* Kataru EngineTests.xctest */ = {isa = PBXFileReference; explicitFileType = wrapper.cfbundle; includeInIndex = 0; path = "Kataru EngineTests.xctest"; sourceTree = BUILT_PRODUCTS_DIR; };
		E3FADA661FDD720E005CDA2E /* Kataru_EngineTests.swift */ = {isa = PBXFileReference; lastKnownFileType = sourcecode.swift; path = Kataru_EngineTests.swift; sourceTree = "<group>"; };
		E3FADA681FDD720E005CDA2E /* Info.plist */ = {isa = PBXFileReference; lastKnownFileType = text.plist.xml; path = Info.plist; sourceTree = "<group>"; };
		E3FADA6D1FDD720E005CDA2E /* Kataru EngineUITests.xctest */ = {isa = PBXFileReference; explicitFileType = wrapper.cfbundle; includeInIndex = 0; path = "Kataru EngineUITests.xctest"; sourceTree = BUILT_PRODUCTS_DIR; };
		E3FADA711FDD720E005CDA2E /* Kataru_EngineUITests.swift */ = {isa = PBXFileReference; lastKnownFileType = sourcecode.swift; path = Kataru_EngineUITests.swift; sourceTree = "<group>"; };
		E3FADA731FDD720E005CDA2E /* Info.plist */ = {isa = PBXFileReference; lastKnownFileType = text.plist.xml; path = Info.plist; sourceTree = "<group>"; };
		E3FADA7F1FDD727C005CDA2E /* KEAudioModule.swift */ = {isa = PBXFileReference; fileEncoding = 4; lastKnownFileType = sourcecode.swift; path = KEAudioModule.swift; sourceTree = "<group>"; };
		E3FADA801FDD727C005CDA2E /* BGM.strings */ = {isa = PBXFileReference; fileEncoding = 4; lastKnownFileType = text.plist.strings; path = BGM.strings; sourceTree = "<group>"; };
		E3FADA811FDD727D005CDA2E /* KEAudioPlayer.swift */ = {isa = PBXFileReference; fileEncoding = 4; lastKnownFileType = sourcecode.swift; path = KEAudioPlayer.swift; sourceTree = "<group>"; };
		E3FADA821FDD727D005CDA2E /* SoundEffects.strings */ = {isa = PBXFileReference; fileEncoding = 4; lastKnownFileType = text.plist.strings; path = SoundEffects.strings; sourceTree = "<group>"; };
/* End PBXFileReference section */

/* Begin PBXFrameworksBuildPhase section */
		E3FADA451FDD720D005CDA2E /* Frameworks */ = {
			isa = PBXFrameworksBuildPhase;
			buildActionMask = 2147483647;
			files = (
			);
			runOnlyForDeploymentPostprocessing = 0;
		};
		E3FADA5F1FDD720E005CDA2E /* Frameworks */ = {
			isa = PBXFrameworksBuildPhase;
			buildActionMask = 2147483647;
			files = (
			);
			runOnlyForDeploymentPostprocessing = 0;
		};
		E3FADA6A1FDD720E005CDA2E /* Frameworks */ = {
			isa = PBXFrameworksBuildPhase;
			buildActionMask = 2147483647;
			files = (
			);
			runOnlyForDeploymentPostprocessing = 0;
		};
/* End PBXFrameworksBuildPhase section */

/* Begin PBXGroup section */
		E31B62872028F90F00DCD56C /* Maps */ = {
			isa = PBXGroup;
			children = (
				E31B62882028F93300DCD56C /* TestWorld.sks */,
			);
			path = Maps;
			sourceTree = "<group>";
		};
		E3F2230C204491E000D4FB60 /* Graphics&UI */ = {
			isa = PBXGroup;
			children = (
				E3F22312204493E800D4FB60 /* KEDialogCharacter.swift */,
				E3F2230F2044932F00D4FB60 /* KEScene.swift */,
				E30E1AD7207A6717001FE029 /* KEDialogShapeNode.swift */,
				E3F223162044A82700D4FB60 /* KEDialogOptions.swift */,
				E30E1AD5207A4F4B001FE029 /* KEDialogLabelNode.swift */,
				E371B3A520BB3C5D00ECF808 /* KEAnimatedDialogLabelNode.swift */,
				E30E1AD3207A4E2E001FE029 /* KEDialogSpriteNode.swift */,
			);
			path = "Graphics&UI";
			sourceTree = "<group>";
		};
		E3F22311204493B500D4FB60 /* Extra mechanics and extensions */ = {
			isa = PBXGroup;
			children = (
				E3F2231420449E6E00D4FB60 /* KEGeneralFunctions.swift */,
				E3CCA0AD207A991800650D39 /* Extensions.swift */,
				E30AB36620DE96680023E73E /* Globals.swift */,
			);
			path = "Extra mechanics and extensions";
			sourceTree = "<group>";
		};
		E3FADA3F1FDD720D005CDA2E = {
			isa = PBXGroup;
			children = (
				E35234D42028DE2E00371140 /* Tiles.sks */,
				E35234D52028DE2E00371140 /* Assets.xcassets */,
				E3FADA4A1FDD720D005CDA2E /* Kataru Engine */,
				E3FADA651FDD720E005CDA2E /* Kataru EngineTests */,
				E3FADA701FDD720E005CDA2E /* Kataru EngineUITests */,
				E3FADA491FDD720D005CDA2E /* Products */,
			);
			sourceTree = "<group>";
		};
		E3FADA491FDD720D005CDA2E /* Products */ = {
			isa = PBXGroup;
			children = (
				E3FADA481FDD720D005CDA2E /* Kataru Engine.app */,
				E3FADA621FDD720E005CDA2E /* Kataru EngineTests.xctest */,
				E3FADA6D1FDD720E005CDA2E /* Kataru EngineUITests.xctest */,
			);
			name = Products;
			sourceTree = "<group>";
		};
		E3FADA4A1FDD720D005CDA2E /* Kataru Engine */ = {
			isa = PBXGroup;
			children = (
				E3FADA4B1FDD720D005CDA2E /* AppDelegate.swift */,
				E3FADA531FDD720D005CDA2E /* GameViewController.swift */,
				E3F22311204493B500D4FB60 /* Extra mechanics and extensions */,
				E3F2230C204491E000D4FB60 /* Graphics&UI */,
				E31B62872028F90F00DCD56C /* Maps */,
				E3FADA871FDD73A1005CDA2E /* Sound Module */,
				E3FADA511FDD720D005CDA2E /* TitleScene.swift */,
				E3899C95200FE3BE0091DB7A /* MainMenu.swift */,
				E3FADA551FDD720D005CDA2E /* Main.storyboard */,
				E3FADA581FDD720D005CDA2E /* Assets.xcassets */,
				E3FADA5A1FDD720D005CDA2E /* LaunchScreen.storyboard */,
				E3FADA5D1FDD720D005CDA2E /* Info.plist */,
			);
			path = "Kataru Engine";
			sourceTree = "<group>";
		};
		E3FADA651FDD720E005CDA2E /* Kataru EngineTests */ = {
			isa = PBXGroup;
			children = (
				E3FADA661FDD720E005CDA2E /* Kataru_EngineTests.swift */,
				E3FADA681FDD720E005CDA2E /* Info.plist */,
			);
			path = "Kataru EngineTests";
			sourceTree = "<group>";
		};
		E3FADA701FDD720E005CDA2E /* Kataru EngineUITests */ = {
			isa = PBXGroup;
			children = (
				E3FADA711FDD720E005CDA2E /* Kataru_EngineUITests.swift */,
				E3FADA731FDD720E005CDA2E /* Info.plist */,
			);
			path = "Kataru EngineUITests";
			sourceTree = "<group>";
		};
		E3FADA871FDD73A1005CDA2E /* Sound Module */ = {
			isa = PBXGroup;
			children = (
				E3FADA801FDD727C005CDA2E /* BGM.strings */,
				E3FADA811FDD727D005CDA2E /* KEAudioPlayer.swift */,
				E3FADA7F1FDD727C005CDA2E /* KEAudioModule.swift */,
				E3FADA821FDD727D005CDA2E /* SoundEffects.strings */,
				E3077AA91FF2840000F9B868 /* neko.wav */,
				E3899C972017CA8A0091DB7A /* select.wav */,
				E39A437020712E1E00AFB9C7 /* click.wav */,
				E30AB36420DE8EED0023E73E /* male_voice.wav */,
				E3C24F5520DEA66A00E2A490 /* Test_Song.m4a */,
			);
			path = "Sound Module";
			sourceTree = "<group>";
		};
/* End PBXGroup section */

/* Begin PBXNativeTarget section */
		E3FADA471FDD720D005CDA2E /* Kataru Engine */ = {
			isa = PBXNativeTarget;
			buildConfigurationList = E3FADA761FDD720E005CDA2E /* Build configuration list for PBXNativeTarget "Kataru Engine" */;
			buildPhases = (
				E3FADA441FDD720D005CDA2E /* Sources */,
				E3FADA451FDD720D005CDA2E /* Frameworks */,
				E3FADA461FDD720D005CDA2E /* Resources */,
			);
			buildRules = (
			);
			dependencies = (
			);
			name = "Kataru Engine";
			productName = "Kataru Engine";
			productReference = E3FADA481FDD720D005CDA2E /* Kataru Engine.app */;
			productType = "com.apple.product-type.application";
		};
		E3FADA611FDD720E005CDA2E /* Kataru EngineTests */ = {
			isa = PBXNativeTarget;
			buildConfigurationList = E3FADA791FDD720E005CDA2E /* Build configuration list for PBXNativeTarget "Kataru EngineTests" */;
			buildPhases = (
				E3FADA5E1FDD720E005CDA2E /* Sources */,
				E3FADA5F1FDD720E005CDA2E /* Frameworks */,
				E3FADA601FDD720E005CDA2E /* Resources */,
			);
			buildRules = (
			);
			dependencies = (
				E3FADA641FDD720E005CDA2E /* PBXTargetDependency */,
			);
			name = "Kataru EngineTests";
			productName = "Kataru EngineTests";
			productReference = E3FADA621FDD720E005CDA2E /* Kataru EngineTests.xctest */;
			productType = "com.apple.product-type.bundle.unit-test";
		};
		E3FADA6C1FDD720E005CDA2E /* Kataru EngineUITests */ = {
			isa = PBXNativeTarget;
			buildConfigurationList = E3FADA7C1FDD720E005CDA2E /* Build configuration list for PBXNativeTarget "Kataru EngineUITests" */;
			buildPhases = (
				E3FADA691FDD720E005CDA2E /* Sources */,
				E3FADA6A1FDD720E005CDA2E /* Frameworks */,
				E3FADA6B1FDD720E005CDA2E /* Resources */,
			);
			buildRules = (
			);
			dependencies = (
				E3FADA6F1FDD720E005CDA2E /* PBXTargetDependency */,
			);
			name = "Kataru EngineUITests";
			productName = "Kataru EngineUITests";
			productReference = E3FADA6D1FDD720E005CDA2E /* Kataru EngineUITests.xctest */;
			productType = "com.apple.product-type.bundle.ui-testing";
		};
/* End PBXNativeTarget section */

/* Begin PBXProject section */
		E3FADA401FDD720D005CDA2E /* Project object */ = {
			isa = PBXProject;
			attributes = {
				LastSwiftUpdateCheck = 0910;
				LastUpgradeCheck = 0930;
				ORGANIZATIONNAME = "Takemaki Studios";
				TargetAttributes = {
					E3FADA471FDD720D005CDA2E = {
						CreatedOnToolsVersion = 9.1;
						ProvisioningStyle = Automatic;
					};
					E3FADA611FDD720E005CDA2E = {
						CreatedOnToolsVersion = 9.1;
						ProvisioningStyle = Automatic;
						TestTargetID = E3FADA471FDD720D005CDA2E;
					};
					E3FADA6C1FDD720E005CDA2E = {
						CreatedOnToolsVersion = 9.1;
						ProvisioningStyle = Automatic;
						TestTargetID = E3FADA471FDD720D005CDA2E;
					};
				};
			};
			buildConfigurationList = E3FADA431FDD720D005CDA2E /* Build configuration list for PBXProject "Kataru Engine" */;
			compatibilityVersion = "Xcode 8.0";
			developmentRegion = en;
			hasScannedForEncodings = 0;
			knownRegions = (
				en,
				Base,
			);
			mainGroup = E3FADA3F1FDD720D005CDA2E;
			productRefGroup = E3FADA491FDD720D005CDA2E /* Products */;
			projectDirPath = "";
			projectRoot = "";
			targets = (
				E3FADA471FDD720D005CDA2E /* Kataru Engine */,
				E3FADA611FDD720E005CDA2E /* Kataru EngineTests */,
				E3FADA6C1FDD720E005CDA2E /* Kataru EngineUITests */,
			);
		};
/* End PBXProject section */

/* Begin PBXResourcesBuildPhase section */
		E3FADA461FDD720D005CDA2E /* Resources */ = {
			isa = PBXResourcesBuildPhase;
			buildActionMask = 2147483647;
			files = (
				E3899C982017CA8A0091DB7A /* select.wav in Resources */,
				E35234D62028DE2E00371140 /* Tiles.sks in Resources */,
				E3C24F5620DEA66A00E2A490 /* Test_Song.m4a in Resources */,
				E3FADA571FDD720D005CDA2E /* Main.storyboard in Resources */,
				E3FADA591FDD720D005CDA2E /* Assets.xcassets in Resources */,
				E3FADA841FDD727D005CDA2E /* BGM.strings in Resources */,
				E39A437120712E1F00AFB9C7 /* click.wav in Resources */,
				E3077AAA1FF2840000F9B868 /* neko.wav in Resources */,
				E31B62892028F93300DCD56C /* TestWorld.sks in Resources */,
				E3FADA5C1FDD720D005CDA2E /* LaunchScreen.storyboard in Resources */,
				E35234D72028DE2E00371140 /* Assets.xcassets in Resources */,
				E30AB36520DE8EED0023E73E /* male_voice.wav in Resources */,
				E3FADA861FDD727D005CDA2E /* SoundEffects.strings in Resources */,
			);
			runOnlyForDeploymentPostprocessing = 0;
		};
		E3FADA601FDD720E005CDA2E /* Resources */ = {
			isa = PBXResourcesBuildPhase;
			buildActionMask = 2147483647;
			files = (
			);
			runOnlyForDeploymentPostprocessing = 0;
		};
		E3FADA6B1FDD720E005CDA2E /* Resources */ = {
			isa = PBXResourcesBuildPhase;
			buildActionMask = 2147483647;
			files = (
			);
			runOnlyForDeploymentPostprocessing = 0;
		};
/* End PBXResourcesBuildPhase section */

/* Begin PBXSourcesBuildPhase section */
		E3FADA441FDD720D005CDA2E /* Sources */ = {
			isa = PBXSourcesBuildPhase;
			buildActionMask = 2147483647;
			files = (
				E3F2231520449E6E00D4FB60 /* KEGeneralFunctions.swift in Sources */,
				E30E1AD8207A6717001FE029 /* KEDialogShapeNode.swift in Sources */,
				E3F223172044A82700D4FB60 /* KEDialogOptions.swift in Sources */,
				E3FADA521FDD720D005CDA2E /* TitleScene.swift in Sources */,
				E3899C96200FE3BE0091DB7A /* MainMenu.swift in Sources */,
				E30E1AD4207A4E2E001FE029 /* KEDialogSpriteNode.swift in Sources */,
				E3FADA851FDD727D005CDA2E /* KEAudioPlayer.swift in Sources */,
				E371B3A620BB3C5E00ECF808 /* KEAnimatedDialogLabelNode.swift in Sources */,
				E30E1AD6207A4F4B001FE029 /* KEDialogLabelNode.swift in Sources */,
				E3FADA831FDD727D005CDA2E /* KEAudioModule.swift in Sources */,
				E3CCA0AE207A991800650D39 /* Extensions.swift in Sources */,
				E3F223102044932F00D4FB60 /* KEScene.swift in Sources */,
				E30AB36720DE96680023E73E /* Globals.swift in Sources */,
				E3FADA541FDD720D005CDA2E /* GameViewController.swift in Sources */,
				E3FADA4C1FDD720D005CDA2E /* AppDelegate.swift in Sources */,
				E3F22313204493E800D4FB60 /* KEDialogCharacter.swift in Sources */,
			);
			runOnlyForDeploymentPostprocessing = 0;
		};
		E3FADA5E1FDD720E005CDA2E /* Sources */ = {
			isa = PBXSourcesBuildPhase;
			buildActionMask = 2147483647;
			files = (
				E3FADA671FDD720E005CDA2E /* Kataru_EngineTests.swift in Sources */,
			);
			runOnlyForDeploymentPostprocessing = 0;
		};
		E3FADA691FDD720E005CDA2E /* Sources */ = {
			isa = PBXSourcesBuildPhase;
			buildActionMask = 2147483647;
			files = (
				E3FADA721FDD720E005CDA2E /* Kataru_EngineUITests.swift in Sources */,
			);
			runOnlyForDeploymentPostprocessing = 0;
		};
/* End PBXSourcesBuildPhase section */

/* Begin PBXTargetDependency section */
		E3FADA641FDD720E005CDA2E /* PBXTargetDependency */ = {
			isa = PBXTargetDependency;
			target = E3FADA471FDD720D005CDA2E /* Kataru Engine */;
			targetProxy = E3FADA631FDD720E005CDA2E /* PBXContainerItemProxy */;
		};
		E3FADA6F1FDD720E005CDA2E /* PBXTargetDependency */ = {
			isa = PBXTargetDependency;
			target = E3FADA471FDD720D005CDA2E /* Kataru Engine */;
			targetProxy = E3FADA6E1FDD720E005CDA2E /* PBXContainerItemProxy */;
		};
/* End PBXTargetDependency section */

/* Begin PBXVariantGroup section */
		E3FADA551FDD720D005CDA2E /* Main.storyboard */ = {
			isa = PBXVariantGroup;
			children = (
				E3FADA561FDD720D005CDA2E /* Base */,
			);
			name = Main.storyboard;
			sourceTree = "<group>";
		};
		E3FADA5A1FDD720D005CDA2E /* LaunchScreen.storyboard */ = {
			isa = PBXVariantGroup;
			children = (
				E3FADA5B1FDD720D005CDA2E /* Base */,
			);
			name = LaunchScreen.storyboard;
			sourceTree = "<group>";
		};
/* End PBXVariantGroup section */

/* Begin XCBuildConfiguration section */
		E3FADA741FDD720E005CDA2E /* Debug */ = {
			isa = XCBuildConfiguration;
			buildSettings = {
				ALWAYS_SEARCH_USER_PATHS = NO;
				CLANG_ANALYZER_NONNULL = YES;
				CLANG_ANALYZER_NUMBER_OBJECT_CONVERSION = YES_AGGRESSIVE;
				CLANG_CXX_LANGUAGE_STANDARD = "gnu++14";
				CLANG_CXX_LIBRARY = "libc++";
				CLANG_ENABLE_MODULES = YES;
				CLANG_ENABLE_OBJC_ARC = YES;
				CLANG_WARN_BLOCK_CAPTURE_AUTORELEASING = YES;
				CLANG_WARN_BOOL_CONVERSION = YES;
				CLANG_WARN_COMMA = YES;
				CLANG_WARN_CONSTANT_CONVERSION = YES;
				CLANG_WARN_DEPRECATED_OBJC_IMPLEMENTATIONS = YES;
				CLANG_WARN_DIRECT_OBJC_ISA_USAGE = YES_ERROR;
				CLANG_WARN_DOCUMENTATION_COMMENTS = YES;
				CLANG_WARN_EMPTY_BODY = YES;
				CLANG_WARN_ENUM_CONVERSION = YES;
				CLANG_WARN_INFINITE_RECURSION = YES;
				CLANG_WARN_INT_CONVERSION = YES;
				CLANG_WARN_NON_LITERAL_NULL_CONVERSION = YES;
				CLANG_WARN_OBJC_IMPLICIT_RETAIN_SELF = YES;
				CLANG_WARN_OBJC_LITERAL_CONVERSION = YES;
				CLANG_WARN_OBJC_ROOT_CLASS = YES_ERROR;
				CLANG_WARN_RANGE_LOOP_ANALYSIS = YES;
				CLANG_WARN_STRICT_PROTOTYPES = YES;
				CLANG_WARN_SUSPICIOUS_MOVE = YES;
				CLANG_WARN_UNGUARDED_AVAILABILITY = YES_AGGRESSIVE;
				CLANG_WARN_UNREACHABLE_CODE = YES;
				CLANG_WARN__DUPLICATE_METHOD_MATCH = YES;
				CODE_SIGN_IDENTITY = "iPhone Developer";
				COPY_PHASE_STRIP = NO;
				DEBUG_INFORMATION_FORMAT = dwarf;
				ENABLE_STRICT_OBJC_MSGSEND = YES;
				ENABLE_TESTABILITY = YES;
				GCC_C_LANGUAGE_STANDARD = gnu11;
				GCC_DYNAMIC_NO_PIC = NO;
				GCC_NO_COMMON_BLOCKS = YES;
				GCC_OPTIMIZATION_LEVEL = 0;
				GCC_PREPROCESSOR_DEFINITIONS = (
					"DEBUG=1",
					"$(inherited)",
				);
				GCC_WARN_64_TO_32_BIT_CONVERSION = YES;
				GCC_WARN_ABOUT_RETURN_TYPE = YES_ERROR;
				GCC_WARN_UNDECLARED_SELECTOR = YES;
				GCC_WARN_UNINITIALIZED_AUTOS = YES_AGGRESSIVE;
				GCC_WARN_UNUSED_FUNCTION = YES;
				GCC_WARN_UNUSED_VARIABLE = YES;
				IPHONEOS_DEPLOYMENT_TARGET = 11.1;
				MTL_ENABLE_DEBUG_INFO = YES;
				ONLY_ACTIVE_ARCH = YES;
				SDKROOT = iphoneos;
				SWIFT_ACTIVE_COMPILATION_CONDITIONS = DEBUG;
				SWIFT_OPTIMIZATION_LEVEL = "-Onone";
			};
			name = Debug;
		};
		E3FADA751FDD720E005CDA2E /* Release */ = {
			isa = XCBuildConfiguration;
			buildSettings = {
				ALWAYS_SEARCH_USER_PATHS = NO;
				CLANG_ANALYZER_NONNULL = YES;
				CLANG_ANALYZER_NUMBER_OBJECT_CONVERSION = YES_AGGRESSIVE;
				CLANG_CXX_LANGUAGE_STANDARD = "gnu++14";
				CLANG_CXX_LIBRARY = "libc++";
				CLANG_ENABLE_MODULES = YES;
				CLANG_ENABLE_OBJC_ARC = YES;
				CLANG_WARN_BLOCK_CAPTURE_AUTORELEASING = YES;
				CLANG_WARN_BOOL_CONVERSION = YES;
				CLANG_WARN_COMMA = YES;
				CLANG_WARN_CONSTANT_CONVERSION = YES;
				CLANG_WARN_DEPRECATED_OBJC_IMPLEMENTATIONS = YES;
				CLANG_WARN_DIRECT_OBJC_ISA_USAGE = YES_ERROR;
				CLANG_WARN_DOCUMENTATION_COMMENTS = YES;
				CLANG_WARN_EMPTY_BODY = YES;
				CLANG_WARN_ENUM_CONVERSION = YES;
				CLANG_WARN_INFINITE_RECURSION = YES;
				CLANG_WARN_INT_CONVERSION = YES;
				CLANG_WARN_NON_LITERAL_NULL_CONVERSION = YES;
				CLANG_WARN_OBJC_IMPLICIT_RETAIN_SELF = YES;
				CLANG_WARN_OBJC_LITERAL_CONVERSION = YES;
				CLANG_WARN_OBJC_ROOT_CLASS = YES_ERROR;
				CLANG_WARN_RANGE_LOOP_ANALYSIS = YES;
				CLANG_WARN_STRICT_PROTOTYPES = YES;
				CLANG_WARN_SUSPICIOUS_MOVE = YES;
				CLANG_WARN_UNGUARDED_AVAILABILITY = YES_AGGRESSIVE;
				CLANG_WARN_UNREACHABLE_CODE = YES;
				CLANG_WARN__DUPLICATE_METHOD_MATCH = YES;
				CODE_SIGN_IDENTITY = "iPhone Developer";
				COPY_PHASE_STRIP = NO;
				DEBUG_INFORMATION_FORMAT = "dwarf-with-dsym";
				ENABLE_NS_ASSERTIONS = NO;
				ENABLE_STRICT_OBJC_MSGSEND = YES;
				GCC_C_LANGUAGE_STANDARD = gnu11;
				GCC_NO_COMMON_BLOCKS = YES;
				GCC_WARN_64_TO_32_BIT_CONVERSION = YES;
				GCC_WARN_ABOUT_RETURN_TYPE = YES_ERROR;
				GCC_WARN_UNDECLARED_SELECTOR = YES;
				GCC_WARN_UNINITIALIZED_AUTOS = YES_AGGRESSIVE;
				GCC_WARN_UNUSED_FUNCTION = YES;
				GCC_WARN_UNUSED_VARIABLE = YES;
				IPHONEOS_DEPLOYMENT_TARGET = 11.1;
				MTL_ENABLE_DEBUG_INFO = NO;
				SDKROOT = iphoneos;
				SWIFT_OPTIMIZATION_LEVEL = "-Owholemodule";
				VALIDATE_PRODUCT = YES;
			};
			name = Release;
		};
		E3FADA771FDD720E005CDA2E /* Debug */ = {
			isa = XCBuildConfiguration;
			buildSettings = {
				ASSETCATALOG_COMPILER_APPICON_NAME = AppIcon;
				CODE_SIGN_STYLE = Automatic;
				DEVELOPMENT_TEAM = GG6R82MC6B;
				INFOPLIST_FILE = "Kataru Engine/Info.plist";
				IPHONEOS_DEPLOYMENT_TARGET = 11.1;
				LD_RUNPATH_SEARCH_PATHS = "$(inherited) @executable_path/Frameworks";
				PRODUCT_BUNDLE_IDENTIFIER = "com.Takemaki-Studios.Kataru-Engine";
				PRODUCT_NAME = "$(TARGET_NAME)";
				SWIFT_VERSION = 4.0;
				TARGETED_DEVICE_FAMILY = "1,2";
			};
			name = Debug;
		};
		E3FADA781FDD720E005CDA2E /* Release */ = {
			isa = XCBuildConfiguration;
			buildSettings = {
				ASSETCATALOG_COMPILER_APPICON_NAME = AppIcon;
				CODE_SIGN_STYLE = Automatic;
				DEVELOPMENT_TEAM = GG6R82MC6B;
				INFOPLIST_FILE = "Kataru Engine/Info.plist";
				IPHONEOS_DEPLOYMENT_TARGET = 11.1;
				LD_RUNPATH_SEARCH_PATHS = "$(inherited) @executable_path/Frameworks";
				PRODUCT_BUNDLE_IDENTIFIER = "com.Takemaki-Studios.Kataru-Engine";
				PRODUCT_NAME = "$(TARGET_NAME)";
				SWIFT_VERSION = 4.0;
				TARGETED_DEVICE_FAMILY = "1,2";
			};
			name = Release;
		};
		E3FADA7A1FDD720E005CDA2E /* Debug */ = {
			isa = XCBuildConfiguration;
			buildSettings = {
				ALWAYS_EMBED_SWIFT_STANDARD_LIBRARIES = YES;
				BUNDLE_LOADER = "$(TEST_HOST)";
				CODE_SIGN_STYLE = Automatic;
				DEVELOPMENT_TEAM = GG6R82MC6B;
				INFOPLIST_FILE = "Kataru EngineTests/Info.plist";
				LD_RUNPATH_SEARCH_PATHS = "$(inherited) @executable_path/Frameworks @loader_path/Frameworks";
				PRODUCT_BUNDLE_IDENTIFIER = "com.Takemaki-Studios.Kataru-EngineTests";
				PRODUCT_NAME = "$(TARGET_NAME)";
				SWIFT_VERSION = 4.0;
				TARGETED_DEVICE_FAMILY = "1,2";
				TEST_HOST = "$(BUILT_PRODUCTS_DIR)/Kataru Engine.app/Kataru Engine";
			};
			name = Debug;
		};
		E3FADA7B1FDD720E005CDA2E /* Release */ = {
			isa = XCBuildConfiguration;
			buildSettings = {
				ALWAYS_EMBED_SWIFT_STANDARD_LIBRARIES = YES;
				BUNDLE_LOADER = "$(TEST_HOST)";
				CODE_SIGN_STYLE = Automatic;
				DEVELOPMENT_TEAM = GG6R82MC6B;
				INFOPLIST_FILE = "Kataru EngineTests/Info.plist";
				LD_RUNPATH_SEARCH_PATHS = "$(inherited) @executable_path/Frameworks @loader_path/Frameworks";
				PRODUCT_BUNDLE_IDENTIFIER = "com.Takemaki-Studios.Kataru-EngineTests";
				PRODUCT_NAME = "$(TARGET_NAME)";
				SWIFT_VERSION = 4.0;
				TARGETED_DEVICE_FAMILY = "1,2";
				TEST_HOST = "$(BUILT_PRODUCTS_DIR)/Kataru Engine.app/Kataru Engine";
			};
			name = Release;
		};
		E3FADA7D1FDD720E005CDA2E /* Debug */ = {
			isa = XCBuildConfiguration;
			buildSettings = {
				ALWAYS_EMBED_SWIFT_STANDARD_LIBRARIES = YES;
				CODE_SIGN_STYLE = Automatic;
				DEVELOPMENT_TEAM = GG6R82MC6B;
				INFOPLIST_FILE = "Kataru EngineUITests/Info.plist";
				LD_RUNPATH_SEARCH_PATHS = "$(inherited) @executable_path/Frameworks @loader_path/Frameworks";
				PRODUCT_BUNDLE_IDENTIFIER = "com.Takemaki-Studios.Kataru-EngineUITests";
				PRODUCT_NAME = "$(TARGET_NAME)";
				SWIFT_VERSION = 4.0;
				TARGETED_DEVICE_FAMILY = "1,2";
				TEST_TARGET_NAME = "Kataru Engine";
			};
			name = Debug;
		};
		E3FADA7E1FDD720E005CDA2E /* Release */ = {
			isa = XCBuildConfiguration;
			buildSettings = {
				ALWAYS_EMBED_SWIFT_STANDARD_LIBRARIES = YES;
				CODE_SIGN_STYLE = Automatic;
				DEVELOPMENT_TEAM = GG6R82MC6B;
				INFOPLIST_FILE = "Kataru EngineUITests/Info.plist";
				LD_RUNPATH_SEARCH_PATHS = "$(inherited) @executable_path/Frameworks @loader_path/Frameworks";
				PRODUCT_BUNDLE_IDENTIFIER = "com.Takemaki-Studios.Kataru-EngineUITests";
				PRODUCT_NAME = "$(TARGET_NAME)";
				SWIFT_VERSION = 4.0;
				TARGETED_DEVICE_FAMILY = "1,2";
				TEST_TARGET_NAME = "Kataru Engine";
			};
			name = Release;
		};
/* End XCBuildConfiguration section */

/* Begin XCConfigurationList section */
		E3FADA431FDD720D005CDA2E /* Build configuration list for PBXProject "Kataru Engine" */ = {
			isa = XCConfigurationList;
			buildConfigurations = (
				E3FADA741FDD720E005CDA2E /* Debug */,
				E3FADA751FDD720E005CDA2E /* Release */,
			);
			defaultConfigurationIsVisible = 0;
			defaultConfigurationName = Release;
		};
		E3FADA761FDD720E005CDA2E /* Build configuration list for PBXNativeTarget "Kataru Engine" */ = {
			isa = XCConfigurationList;
			buildConfigurations = (
				E3FADA771FDD720E005CDA2E /* Debug */,
				E3FADA781FDD720E005CDA2E /* Release */,
			);
			defaultConfigurationIsVisible = 0;
			defaultConfigurationName = Release;
		};
		E3FADA791FDD720E005CDA2E /* Build configuration list for PBXNativeTarget "Kataru EngineTests" */ = {
			isa = XCConfigurationList;
			buildConfigurations = (
				E3FADA7A1FDD720E005CDA2E /* Debug */,
				E3FADA7B1FDD720E005CDA2E /* Release */,
			);
			defaultConfigurationIsVisible = 0;
			defaultConfigurationName = Release;
		};
		E3FADA7C1FDD720E005CDA2E /* Build configuration list for PBXNativeTarget "Kataru EngineUITests" */ = {
			isa = XCConfigurationList;
			buildConfigurations = (
				E3FADA7D1FDD720E005CDA2E /* Debug */,
				E3FADA7E1FDD720E005CDA2E /* Release */,
			);
			defaultConfigurationIsVisible = 0;
			defaultConfigurationName = Release;
		};
/* End XCConfigurationList section */
	};
	rootObject = E3FADA401FDD720D005CDA2E /* Project object */;
}
